{
  "version": "5",
  "specifiers": {
    "jsr:@musodojo/music-theory-data@^20.1.1": "20.1.1"
  },
  "jsr": {
    "@musodojo/music-theory-data@20.1.1": {
      "integrity": "40ef4342b72ac44e91e8589d8d40b646375aab6f9cb9cdf3a98f0824a4ddb81a"
    }
  },
  "workspace": {
    "dependencies": [
      "jsr:@musodojo/music-theory-data@^20.1.1"
    ]
  }
}
